// !$*UTF8*$!
{
	archiveVersion = 1;
	classes = {
	};
	objectVersion = 46;
	objects = {

/* Begin PBXBuildFile section */
		2ADFCFCFD44E6ABDD6D38D70 /* Pods_RebelBrowser.framework in Frameworks */ = {isa = PBXBuildFile; fileRef = 24D1ECD2149E06BD0EF79D24 /* Pods_RebelBrowser.framework */; };
		C2D5CC313F338DAFD38C834B /* Pods_RebelBrowserUITests.framework in Frameworks */ = {isa = PBXBuildFile; fileRef = 56D223B7D7704B91EC488727 /* Pods_RebelBrowserUITests.framework */; };
		F0DBEE3569BA575F04AEA077 /* Pods_RebelBrowserTests.framework in Frameworks */ = {isa = PBXBuildFile; fileRef = 84746247BE5B8ED35415508C /* Pods_RebelBrowserTests.framework */; };
		F276877A1EC452490054EDD9 /* AppDelegate.swift in Sources */ = {isa = PBXBuildFile; fileRef = F27687791EC452490054EDD9 /* AppDelegate.swift */; };
		F276877F1EC452490054EDD9 /* Main.storyboard in Resources */ = {isa = PBXBuildFile; fileRef = F276877D1EC452490054EDD9 /* Main.storyboard */; };
		F27687811EC452490054EDD9 /* Assets.xcassets in Resources */ = {isa = PBXBuildFile; fileRef = F27687801EC452490054EDD9 /* Assets.xcassets */; };
		F27687841EC452490054EDD9 /* LaunchScreen.storyboard in Resources */ = {isa = PBXBuildFile; fileRef = F27687821EC452490054EDD9 /* LaunchScreen.storyboard */; };
		F276878F1EC452490054EDD9 /* RebelBrowserTests.swift in Sources */ = {isa = PBXBuildFile; fileRef = F276878E1EC452490054EDD9 /* RebelBrowserTests.swift */; };
		F276879A1EC452490054EDD9 /* RebelBrowserUITests.swift in Sources */ = {isa = PBXBuildFile; fileRef = F27687991EC452490054EDD9 /* RebelBrowserUITests.swift */; };
		F27687C41EC461D20054EDD9 /* ViewController.swift in Sources */ = {isa = PBXBuildFile; fileRef = F27687C21EC4613F0054EDD9 /* ViewController.swift */; };
		F2A6A6331EC4639300523E79 /* Constants.swift in Sources */ = {isa = PBXBuildFile; fileRef = F2A6A6321EC4639300523E79 /* Constants.swift */; };
/* End PBXBuildFile section */

/* Begin PBXContainerItemProxy section */
		F276878B1EC452490054EDD9 /* PBXContainerItemProxy */ = {
			isa = PBXContainerItemProxy;
			containerPortal = F276876E1EC452490054EDD9 /* Project object */;
			proxyType = 1;
			remoteGlobalIDString = F27687751EC452490054EDD9;
			remoteInfo = RebelBrowser;
		};
		F27687961EC452490054EDD9 /* PBXContainerItemProxy */ = {
			isa = PBXContainerItemProxy;
			containerPortal = F276876E1EC452490054EDD9 /* Project object */;
			proxyType = 1;
			remoteGlobalIDString = F27687751EC452490054EDD9;
			remoteInfo = RebelBrowser;
		};
/* End PBXContainerItemProxy section */

/* Begin PBXFileReference section */
		24D1ECD2149E06BD0EF79D24 /* Pods_RebelBrowser.framework */ = {isa = PBXFileReference; explicitFileType = wrapper.framework; includeInIndex = 0; path = Pods_RebelBrowser.framework; sourceTree = BUILT_PRODUCTS_DIR; };
		56D223B7D7704B91EC488727 /* Pods_RebelBrowserUITests.framework */ = {isa = PBXFileReference; explicitFileType = wrapper.framework; includeInIndex = 0; path = Pods_RebelBrowserUITests.framework; sourceTree = BUILT_PRODUCTS_DIR; };
		590FA28A04160766AD4D9786 /* Pods-RebelBrowser.release.xcconfig */ = {isa = PBXFileReference; includeInIndex = 1; lastKnownFileType = text.xcconfig; name = "Pods-RebelBrowser.release.xcconfig"; path = "Pods/Target Support Files/Pods-RebelBrowser/Pods-RebelBrowser.release.xcconfig"; sourceTree = "<group>"; };
		5BEA49D6C48E6089EBBB2351 /* Pods-RebelBrowserUITests.release.xcconfig */ = {isa = PBXFileReference; includeInIndex = 1; lastKnownFileType = text.xcconfig; name = "Pods-RebelBrowserUITests.release.xcconfig"; path = "Pods/Target Support Files/Pods-RebelBrowserUITests/Pods-RebelBrowserUITests.release.xcconfig"; sourceTree = "<group>"; };
		69376698DC943244D964A223 /* Pods-RebelBrowserTests.debug.xcconfig */ = {isa = PBXFileReference; includeInIndex = 1; lastKnownFileType = text.xcconfig; name = "Pods-RebelBrowserTests.debug.xcconfig"; path = "Pods/Target Support Files/Pods-RebelBrowserTests/Pods-RebelBrowserTests.debug.xcconfig"; sourceTree = "<group>"; };
		84746247BE5B8ED35415508C /* Pods_RebelBrowserTests.framework */ = {isa = PBXFileReference; explicitFileType = wrapper.framework; includeInIndex = 0; path = Pods_RebelBrowserTests.framework; sourceTree = BUILT_PRODUCTS_DIR; };
		8650459CDB78A00745BD37AD /* Pods-RebelBrowserTests.release.xcconfig */ = {isa = PBXFileReference; includeInIndex = 1; lastKnownFileType = text.xcconfig; name = "Pods-RebelBrowserTests.release.xcconfig"; path = "Pods/Target Support Files/Pods-RebelBrowserTests/Pods-RebelBrowserTests.release.xcconfig"; sourceTree = "<group>"; };
		894170923EAABCA7B6105C83 /* Pods-RebelBrowser.debug.xcconfig */ = {isa = PBXFileReference; includeInIndex = 1; lastKnownFileType = text.xcconfig; name = "Pods-RebelBrowser.debug.xcconfig"; path = "Pods/Target Support Files/Pods-RebelBrowser/Pods-RebelBrowser.debug.xcconfig"; sourceTree = "<group>"; };
		F27687761EC452490054EDD9 /* RebelBrowser.app */ = {isa = PBXFileReference; explicitFileType = wrapper.application; includeInIndex = 0; path = RebelBrowser.app; sourceTree = BUILT_PRODUCTS_DIR; };
		F27687791EC452490054EDD9 /* AppDelegate.swift */ = {isa = PBXFileReference; lastKnownFileType = sourcecode.swift; path = AppDelegate.swift; sourceTree = "<group>"; };
		F276877E1EC452490054EDD9 /* Base */ = {isa = PBXFileReference; lastKnownFileType = file.storyboard; name = Base; path = Base.lproj/Main.storyboard; sourceTree = "<group>"; };
		F27687801EC452490054EDD9 /* Assets.xcassets */ = {isa = PBXFileReference; lastKnownFileType = folder.assetcatalog; path = Assets.xcassets; sourceTree = "<group>"; };
		F27687831EC452490054EDD9 /* Base */ = {isa = PBXFileReference; lastKnownFileType = file.storyboard; name = Base; path = Base.lproj/LaunchScreen.storyboard; sourceTree = "<group>"; };
		F27687851EC452490054EDD9 /* Info.plist */ = {isa = PBXFileReference; lastKnownFileType = text.plist.xml; path = Info.plist; sourceTree = "<group>"; };
		F276878A1EC452490054EDD9 /* RebelBrowserTests.xctest */ = {isa = PBXFileReference; explicitFileType = wrapper.cfbundle; includeInIndex = 0; path = RebelBrowserTests.xctest; sourceTree = BUILT_PRODUCTS_DIR; };
		F276878E1EC452490054EDD9 /* RebelBrowserTests.swift */ = {isa = PBXFileReference; lastKnownFileType = sourcecode.swift; path = RebelBrowserTests.swift; sourceTree = "<group>"; };
		F27687901EC452490054EDD9 /* Info.plist */ = {isa = PBXFileReference; lastKnownFileType = text.plist.xml; path = Info.plist; sourceTree = "<group>"; };
		F27687951EC452490054EDD9 /* RebelBrowserUITests.xctest */ = {isa = PBXFileReference; explicitFileType = wrapper.cfbundle; includeInIndex = 0; path = RebelBrowserUITests.xctest; sourceTree = BUILT_PRODUCTS_DIR; };
		F27687991EC452490054EDD9 /* RebelBrowserUITests.swift */ = {isa = PBXFileReference; lastKnownFileType = sourcecode.swift; path = RebelBrowserUITests.swift; sourceTree = "<group>"; };
		F276879B1EC452490054EDD9 /* Info.plist */ = {isa = PBXFileReference; lastKnownFileType = text.plist.xml; path = Info.plist; sourceTree = "<group>"; };
		F27687C21EC4613F0054EDD9 /* ViewController.swift */ = {isa = PBXFileReference; fileEncoding = 4; lastKnownFileType = sourcecode.swift; path = ViewController.swift; sourceTree = "<group>"; };
		F2A6A6321EC4639300523E79 /* Constants.swift */ = {isa = PBXFileReference; fileEncoding = 4; lastKnownFileType = sourcecode.swift; path = Constants.swift; sourceTree = "<group>"; };
		FC8C8FB888484E4C263F324B /* Pods-RebelBrowserUITests.debug.xcconfig */ = {isa = PBXFileReference; includeInIndex = 1; lastKnownFileType = text.xcconfig; name = "Pods-RebelBrowserUITests.debug.xcconfig"; path = "Pods/Target Support Files/Pods-RebelBrowserUITests/Pods-RebelBrowserUITests.debug.xcconfig"; sourceTree = "<group>"; };
/* End PBXFileReference section */

/* Begin PBXFrameworksBuildPhase section */
		F27687731EC452490054EDD9 /* Frameworks */ = {
			isa = PBXFrameworksBuildPhase;
			buildActionMask = 2147483647;
			files = (
				2ADFCFCFD44E6ABDD6D38D70 /* Pods_RebelBrowser.framework in Frameworks */,
			);
			runOnlyForDeploymentPostprocessing = 0;
		};
		F27687871EC452490054EDD9 /* Frameworks */ = {
			isa = PBXFrameworksBuildPhase;
			buildActionMask = 2147483647;
			files = (
				F0DBEE3569BA575F04AEA077 /* Pods_RebelBrowserTests.framework in Frameworks */,
			);
			runOnlyForDeploymentPostprocessing = 0;
		};
		F27687921EC452490054EDD9 /* Frameworks */ = {
			isa = PBXFrameworksBuildPhase;
			buildActionMask = 2147483647;
			files = (
				C2D5CC313F338DAFD38C834B /* Pods_RebelBrowserUITests.framework in Frameworks */,
			);
			runOnlyForDeploymentPostprocessing = 0;
		};
/* End PBXFrameworksBuildPhase section */

/* Begin PBXGroup section */
		178821997A3D11A9976DAF1C /* Frameworks */ = {
			isa = PBXGroup;
			children = (
				24D1ECD2149E06BD0EF79D24 /* Pods_RebelBrowser.framework */,
				84746247BE5B8ED35415508C /* Pods_RebelBrowserTests.framework */,
				56D223B7D7704B91EC488727 /* Pods_RebelBrowserUITests.framework */,
			);
			name = Frameworks;
			sourceTree = "<group>";
		};
		7D69ADA8EF7F9E7CB3AFEF78 /* Pods */ = {
			isa = PBXGroup;
			children = (
				894170923EAABCA7B6105C83 /* Pods-RebelBrowser.debug.xcconfig */,
				590FA28A04160766AD4D9786 /* Pods-RebelBrowser.release.xcconfig */,
				69376698DC943244D964A223 /* Pods-RebelBrowserTests.debug.xcconfig */,
				8650459CDB78A00745BD37AD /* Pods-RebelBrowserTests.release.xcconfig */,
				FC8C8FB888484E4C263F324B /* Pods-RebelBrowserUITests.debug.xcconfig */,
				5BEA49D6C48E6089EBBB2351 /* Pods-RebelBrowserUITests.release.xcconfig */,
			);
			name = Pods;
			sourceTree = "<group>";
		};
		F276876D1EC452490054EDD9 = {
			isa = PBXGroup;
			children = (
				F27687781EC452490054EDD9 /* RebelBrowser */,
				F276878D1EC452490054EDD9 /* RebelBrowserTests */,
				F27687981EC452490054EDD9 /* RebelBrowserUITests */,
				F27687771EC452490054EDD9 /* Products */,
				7D69ADA8EF7F9E7CB3AFEF78 /* Pods */,
				178821997A3D11A9976DAF1C /* Frameworks */,
			);
			sourceTree = "<group>";
		};
		F27687771EC452490054EDD9 /* Products */ = {
			isa = PBXGroup;
			children = (
				F27687761EC452490054EDD9 /* RebelBrowser.app */,
				F276878A1EC452490054EDD9 /* RebelBrowserTests.xctest */,
				F27687951EC452490054EDD9 /* RebelBrowserUITests.xctest */,
			);
			name = Products;
			sourceTree = "<group>";
		};
		F27687781EC452490054EDD9 /* RebelBrowser */ = {
			isa = PBXGroup;
			children = (
				F27687BC1EC460AB0054EDD9 /* Src */,
				F27687A71EC452540054EDD9 /* Resources */,
				F27687791EC452490054EDD9 /* AppDelegate.swift */,
			);
			path = RebelBrowser;
			sourceTree = "<group>";
		};
		F276878D1EC452490054EDD9 /* RebelBrowserTests */ = {
			isa = PBXGroup;
			children = (
				F276878E1EC452490054EDD9 /* RebelBrowserTests.swift */,
				F27687901EC452490054EDD9 /* Info.plist */,
			);
			path = RebelBrowserTests;
			sourceTree = "<group>";
		};
		F27687981EC452490054EDD9 /* RebelBrowserUITests */ = {
			isa = PBXGroup;
			children = (
				F27687991EC452490054EDD9 /* RebelBrowserUITests.swift */,
				F276879B1EC452490054EDD9 /* Info.plist */,
			);
			path = RebelBrowserUITests;
			sourceTree = "<group>";
		};
		F27687A71EC452540054EDD9 /* Resources */ = {
			isa = PBXGroup;
			children = (
				F276877D1EC452490054EDD9 /* Main.storyboard */,
				F27687801EC452490054EDD9 /* Assets.xcassets */,
				F27687821EC452490054EDD9 /* LaunchScreen.storyboard */,
				F27687851EC452490054EDD9 /* Info.plist */,
			);
			name = Resources;
			sourceTree = "<group>";
		};
		F27687BC1EC460AB0054EDD9 /* Src */ = {
			isa = PBXGroup;
			children = (
				F2A6A6311EC4637B00523E79 /* Constants */,
				F27687C11EC460F90054EDD9 /* Views */,
				F27687C01EC460F20054EDD9 /* Stores */,
				F27687BF1EC460EC0054EDD9 /* Models */,
				F27687BE1EC460E20054EDD9 /* Helpers */,
				F27687BD1EC460D60054EDD9 /* Controllers */,
			);
			path = Src;
			sourceTree = "<group>";
		};
		F27687BD1EC460D60054EDD9 /* Controllers */ = {
			isa = PBXGroup;
			children = (
				F27687C21EC4613F0054EDD9 /* ViewController.swift */,
			);
			path = Controllers;
			sourceTree = "<group>";
		};
		F27687BE1EC460E20054EDD9 /* Helpers */ = {
			isa = PBXGroup;
			children = (
			);
			path = Helpers;
			sourceTree = "<group>";
		};
		F27687BF1EC460EC0054EDD9 /* Models */ = {
			isa = PBXGroup;
			children = (
			);
			path = Models;
			sourceTree = "<group>";
		};
		F27687C01EC460F20054EDD9 /* Stores */ = {
			isa = PBXGroup;
			children = (
			);
			path = Stores;
			sourceTree = "<group>";
		};
		F27687C11EC460F90054EDD9 /* Views */ = {
			isa = PBXGroup;
			children = (
			);
			path = Views;
			sourceTree = "<group>";
		};
		F2A6A6311EC4637B00523E79 /* Constants */ = {
			isa = PBXGroup;
			children = (
				F2A6A6321EC4639300523E79 /* Constants.swift */,
			);
			path = Constants;
			sourceTree = "<group>";
		};
/* End PBXGroup section */

/* Begin PBXNativeTarget section */
		F27687751EC452490054EDD9 /* RebelBrowser */ = {
			isa = PBXNativeTarget;
			buildConfigurationList = F276879E1EC452490054EDD9 /* Build configuration list for PBXNativeTarget "RebelBrowser" */;
			buildPhases = (
				2CFFE9B908589D69E8FCAB6C /* [CP] Check Pods Manifest.lock */,
				F27687721EC452490054EDD9 /* Sources */,
				F27687731EC452490054EDD9 /* Frameworks */,
				F27687741EC452490054EDD9 /* Resources */,
				1D8813D1D36594C77DE08671 /* [CP] Embed Pods Frameworks */,
				A8C650D6CCEC731B61AB09B8 /* [CP] Copy Pods Resources */,
			);
			buildRules = (
			);
			dependencies = (
			);
			name = RebelBrowser;
			productName = RebelBrowser;
			productReference = F27687761EC452490054EDD9 /* RebelBrowser.app */;
			productType = "com.apple.product-type.application";
		};
		F27687891EC452490054EDD9 /* RebelBrowserTests */ = {
			isa = PBXNativeTarget;
			buildConfigurationList = F27687A11EC452490054EDD9 /* Build configuration list for PBXNativeTarget "RebelBrowserTests" */;
			buildPhases = (
				3D5E87261E09E200CD1046F8 /* [CP] Check Pods Manifest.lock */,
				F27687861EC452490054EDD9 /* Sources */,
				F27687871EC452490054EDD9 /* Frameworks */,
				F27687881EC452490054EDD9 /* Resources */,
				8FA8EBF8B839DBD29FC4F68F /* [CP] Embed Pods Frameworks */,
				3AB47890265DCC6A291170B9 /* [CP] Copy Pods Resources */,
			);
			buildRules = (
			);
			dependencies = (
				F276878C1EC452490054EDD9 /* PBXTargetDependency */,
			);
			name = RebelBrowserTests;
			productName = RebelBrowserTests;
			productReference = F276878A1EC452490054EDD9 /* RebelBrowserTests.xctest */;
			productType = "com.apple.product-type.bundle.unit-test";
		};
		F27687941EC452490054EDD9 /* RebelBrowserUITests */ = {
			isa = PBXNativeTarget;
			buildConfigurationList = F27687A41EC452490054EDD9 /* Build configuration list for PBXNativeTarget "RebelBrowserUITests" */;
			buildPhases = (
				95E0A571C852084688DBEE6B /* [CP] Check Pods Manifest.lock */,
				F27687911EC452490054EDD9 /* Sources */,
				F27687921EC452490054EDD9 /* Frameworks */,
				F27687931EC452490054EDD9 /* Resources */,
				B2815DEE26DBDCC87BE59209 /* [CP] Embed Pods Frameworks */,
				E5104A6DA21A9F87248C6573 /* [CP] Copy Pods Resources */,
			);
			buildRules = (
			);
			dependencies = (
				F27687971EC452490054EDD9 /* PBXTargetDependency */,
			);
			name = RebelBrowserUITests;
			productName = RebelBrowserUITests;
			productReference = F27687951EC452490054EDD9 /* RebelBrowserUITests.xctest */;
			productType = "com.apple.product-type.bundle.ui-testing";
		};
/* End PBXNativeTarget section */

/* Begin PBXProject section */
		F276876E1EC452490054EDD9 /* Project object */ = {
			isa = PBXProject;
			attributes = {
				LastSwiftUpdateCheck = 0830;
				LastUpgradeCheck = 0830;
				ORGANIZATIONNAME = EvilisnJ;
				TargetAttributes = {
					F27687751EC452490054EDD9 = {
						CreatedOnToolsVersion = 8.3;
						DevelopmentTeam = T2DT6C6U3X;
						ProvisioningStyle = Automatic;
					};
					F27687891EC452490054EDD9 = {
						CreatedOnToolsVersion = 8.3;
						DevelopmentTeam = GZRDUU6C3R;
						ProvisioningStyle = Automatic;
						TestTargetID = F27687751EC452490054EDD9;
					};
					F27687941EC452490054EDD9 = {
						CreatedOnToolsVersion = 8.3;
						DevelopmentTeam = GZRDUU6C3R;
						ProvisioningStyle = Automatic;
						TestTargetID = F27687751EC452490054EDD9;
					};
				};
			};
			buildConfigurationList = F27687711EC452490054EDD9 /* Build configuration list for PBXProject "RebelBrowser" */;
			compatibilityVersion = "Xcode 3.2";
			developmentRegion = English;
			hasScannedForEncodings = 0;
			knownRegions = (
				en,
				Base,
			);
			mainGroup = F276876D1EC452490054EDD9;
			productRefGroup = F27687771EC452490054EDD9 /* Products */;
			projectDirPath = "";
			projectRoot = "";
			targets = (
				F27687751EC452490054EDD9 /* RebelBrowser */,
				F27687891EC452490054EDD9 /* RebelBrowserTests */,
				F27687941EC452490054EDD9 /* RebelBrowserUITests */,
			);
		};
/* End PBXProject section */

/* Begin PBXResourcesBuildPhase section */
		F27687741EC452490054EDD9 /* Resources */ = {
			isa = PBXResourcesBuildPhase;
			buildActionMask = 2147483647;
			files = (
				F27687841EC452490054EDD9 /* LaunchScreen.storyboard in Resources */,
				F27687811EC452490054EDD9 /* Assets.xcassets in Resources */,
				F276877F1EC452490054EDD9 /* Main.storyboard in Resources */,
			);
			runOnlyForDeploymentPostprocessing = 0;
		};
		F27687881EC452490054EDD9 /* Resources */ = {
			isa = PBXResourcesBuildPhase;
			buildActionMask = 2147483647;
			files = (
			);
			runOnlyForDeploymentPostprocessing = 0;
		};
		F27687931EC452490054EDD9 /* Resources */ = {
			isa = PBXResourcesBuildPhase;
			buildActionMask = 2147483647;
			files = (
			);
			runOnlyForDeploymentPostprocessing = 0;
		};
/* End PBXResourcesBuildPhase section */

/* Begin PBXShellScriptBuildPhase section */
		1D8813D1D36594C77DE08671 /* [CP] Embed Pods Frameworks */ = {
			isa = PBXShellScriptBuildPhase;
			buildActionMask = 2147483647;
			files = (
			);
			inputPaths = (
			);
			name = "[CP] Embed Pods Frameworks";
			outputPaths = (
			);
			runOnlyForDeploymentPostprocessing = 0;
			shellPath = /bin/sh;
			shellScript = "\"${SRCROOT}/Pods/Target Support Files/Pods-RebelBrowser/Pods-RebelBrowser-frameworks.sh\"\n";
			showEnvVarsInLog = 0;
		};
		2CFFE9B908589D69E8FCAB6C /* [CP] Check Pods Manifest.lock */ = {
			isa = PBXShellScriptBuildPhase;
			buildActionMask = 2147483647;
			files = (
			);
			inputPaths = (
			);
			name = "[CP] Check Pods Manifest.lock";
			outputPaths = (
			);
			runOnlyForDeploymentPostprocessing = 0;
			shellPath = /bin/sh;
			shellScript = "diff \"${PODS_PODFILE_DIR_PATH}/Podfile.lock\" \"${PODS_ROOT}/Manifest.lock\" > /dev/null\nif [ $? != 0 ] ; then\n    # print error to STDERR\n    echo \"error: The sandbox is not in sync with the Podfile.lock. Run 'pod install' or update your CocoaPods installation.\" >&2\n    exit 1\nfi\n";
			showEnvVarsInLog = 0;
		};
		3AB47890265DCC6A291170B9 /* [CP] Copy Pods Resources */ = {
			isa = PBXShellScriptBuildPhase;
			buildActionMask = 2147483647;
			files = (
			);
			inputPaths = (
			);
			name = "[CP] Copy Pods Resources";
			outputPaths = (
			);
			runOnlyForDeploymentPostprocessing = 0;
			shellPath = /bin/sh;
			shellScript = "\"${SRCROOT}/Pods/Target Support Files/Pods-RebelBrowserTests/Pods-RebelBrowserTests-resources.sh\"\n";
			showEnvVarsInLog = 0;
		};
		3D5E87261E09E200CD1046F8 /* [CP] Check Pods Manifest.lock */ = {
			isa = PBXShellScriptBuildPhase;
			buildActionMask = 2147483647;
			files = (
			);
			inputPaths = (
			);
			name = "[CP] Check Pods Manifest.lock";
			outputPaths = (
			);
			runOnlyForDeploymentPostprocessing = 0;
			shellPath = /bin/sh;
			shellScript = "diff \"${PODS_PODFILE_DIR_PATH}/Podfile.lock\" \"${PODS_ROOT}/Manifest.lock\" > /dev/null\nif [ $? != 0 ] ; then\n    # print error to STDERR\n    echo \"error: The sandbox is not in sync with the Podfile.lock. Run 'pod install' or update your CocoaPods installation.\" >&2\n    exit 1\nfi\n";
			showEnvVarsInLog = 0;
		};
		8FA8EBF8B839DBD29FC4F68F /* [CP] Embed Pods Frameworks */ = {
			isa = PBXShellScriptBuildPhase;
			buildActionMask = 2147483647;
			files = (
			);
			inputPaths = (
			);
			name = "[CP] Embed Pods Frameworks";
			outputPaths = (
			);
			runOnlyForDeploymentPostprocessing = 0;
			shellPath = /bin/sh;
			shellScript = "\"${SRCROOT}/Pods/Target Support Files/Pods-RebelBrowserTests/Pods-RebelBrowserTests-frameworks.sh\"\n";
			showEnvVarsInLog = 0;
		};
		95E0A571C852084688DBEE6B /* [CP] Check Pods Manifest.lock */ = {
			isa = PBXShellScriptBuildPhase;
			buildActionMask = 2147483647;
			files = (
			);
			inputPaths = (
			);
			name = "[CP] Check Pods Manifest.lock";
			outputPaths = (
			);
			runOnlyForDeploymentPostprocessing = 0;
			shellPath = /bin/sh;
			shellScript = "diff \"${PODS_PODFILE_DIR_PATH}/Podfile.lock\" \"${PODS_ROOT}/Manifest.lock\" > /dev/null\nif [ $? != 0 ] ; then\n    # print error to STDERR\n    echo \"error: The sandbox is not in sync with the Podfile.lock. Run 'pod install' or update your CocoaPods installation.\" >&2\n    exit 1\nfi\n";
			showEnvVarsInLog = 0;
		};
		A8C650D6CCEC731B61AB09B8 /* [CP] Copy Pods Resources */ = {
			isa = PBXShellScriptBuildPhase;
			buildActionMask = 2147483647;
			files = (
			);
			inputPaths = (
			);
			name = "[CP] Copy Pods Resources";
			outputPaths = (
			);
			runOnlyForDeploymentPostprocessing = 0;
			shellPath = /bin/sh;
			shellScript = "\"${SRCROOT}/Pods/Target Support Files/Pods-RebelBrowser/Pods-RebelBrowser-resources.sh\"\n";
			showEnvVarsInLog = 0;
		};
		B2815DEE26DBDCC87BE59209 /* [CP] Embed Pods Frameworks */ = {
			isa = PBXShellScriptBuildPhase;
			buildActionMask = 2147483647;
			files = (
			);
			inputPaths = (
			);
			name = "[CP] Embed Pods Frameworks";
			outputPaths = (
			);
			runOnlyForDeploymentPostprocessing = 0;
			shellPath = /bin/sh;
			shellScript = "\"${SRCROOT}/Pods/Target Support Files/Pods-RebelBrowserUITests/Pods-RebelBrowserUITests-frameworks.sh\"\n";
			showEnvVarsInLog = 0;
		};
		E5104A6DA21A9F87248C6573 /* [CP] Copy Pods Resources */ = {
			isa = PBXShellScriptBuildPhase;
			buildActionMask = 2147483647;
			files = (
			);
			inputPaths = (
			);
			name = "[CP] Copy Pods Resources";
			outputPaths = (
			);
			runOnlyForDeploymentPostprocessing = 0;
			shellPath = /bin/sh;
			shellScript = "\"${SRCROOT}/Pods/Target Support Files/Pods-RebelBrowserUITests/Pods-RebelBrowserUITests-resources.sh\"\n";
			showEnvVarsInLog = 0;
		};
/* End PBXShellScriptBuildPhase section */

/* Begin PBXSourcesBuildPhase section */
		F27687721EC452490054EDD9 /* Sources */ = {
			isa = PBXSourcesBuildPhase;
			buildActionMask = 2147483647;
			files = (
				F27687C41EC461D20054EDD9 /* ViewController.swift in Sources */,
				F276877A1EC452490054EDD9 /* AppDelegate.swift in Sources */,
				F2A6A6331EC4639300523E79 /* Constants.swift in Sources */,
			);
			runOnlyForDeploymentPostprocessing = 0;
		};
		F27687861EC452490054EDD9 /* Sources */ = {
			isa = PBXSourcesBuildPhase;
			buildActionMask = 2147483647;
			files = (
				F276878F1EC452490054EDD9 /* RebelBrowserTests.swift in Sources */,
			);
			runOnlyForDeploymentPostprocessing = 0;
		};
		F27687911EC452490054EDD9 /* Sources */ = {
			isa = PBXSourcesBuildPhase;
			buildActionMask = 2147483647;
			files = (
				F276879A1EC452490054EDD9 /* RebelBrowserUITests.swift in Sources */,
			);
			runOnlyForDeploymentPostprocessing = 0;
		};
/* End PBXSourcesBuildPhase section */

/* Begin PBXTargetDependency section */
		F276878C1EC452490054EDD9 /* PBXTargetDependency */ = {
			isa = PBXTargetDependency;
			target = F27687751EC452490054EDD9 /* RebelBrowser */;
			targetProxy = F276878B1EC452490054EDD9 /* PBXContainerItemProxy */;
		};
		F27687971EC452490054EDD9 /* PBXTargetDependency */ = {
			isa = PBXTargetDependency;
			target = F27687751EC452490054EDD9 /* RebelBrowser */;
			targetProxy = F27687961EC452490054EDD9 /* PBXContainerItemProxy */;
		};
/* End PBXTargetDependency section */

/* Begin PBXVariantGroup section */
		F276877D1EC452490054EDD9 /* Main.storyboard */ = {
			isa = PBXVariantGroup;
			children = (
				F276877E1EC452490054EDD9 /* Base */,
			);
			name = Main.storyboard;
			sourceTree = "<group>";
		};
		F27687821EC452490054EDD9 /* LaunchScreen.storyboard */ = {
			isa = PBXVariantGroup;
			children = (
				F27687831EC452490054EDD9 /* Base */,
			);
			name = LaunchScreen.storyboard;
			sourceTree = "<group>";
		};
/* End PBXVariantGroup section */

/* Begin XCBuildConfiguration section */
		F276879C1EC452490054EDD9 /* Debug */ = {
			isa = XCBuildConfiguration;
			buildSettings = {
				ALWAYS_SEARCH_USER_PATHS = NO;
				CLANG_ANALYZER_NONNULL = YES;
				CLANG_ANALYZER_NUMBER_OBJECT_CONVERSION = YES_AGGRESSIVE;
				CLANG_CXX_LANGUAGE_STANDARD = "gnu++0x";
				CLANG_CXX_LIBRARY = "libc++";
				CLANG_ENABLE_MODULES = YES;
				CLANG_ENABLE_OBJC_ARC = YES;
				CLANG_WARN_BOOL_CONVERSION = YES;
				CLANG_WARN_CONSTANT_CONVERSION = YES;
				CLANG_WARN_DIRECT_OBJC_ISA_USAGE = YES_ERROR;
				CLANG_WARN_DOCUMENTATION_COMMENTS = YES;
				CLANG_WARN_EMPTY_BODY = YES;
				CLANG_WARN_ENUM_CONVERSION = YES;
				CLANG_WARN_INFINITE_RECURSION = YES;
				CLANG_WARN_INT_CONVERSION = YES;
				CLANG_WARN_OBJC_ROOT_CLASS = YES_ERROR;
				CLANG_WARN_SUSPICIOUS_MOVE = YES;
				CLANG_WARN_UNREACHABLE_CODE = YES;
				CLANG_WARN__DUPLICATE_METHOD_MATCH = YES;
				"CODE_SIGN_IDENTITY[sdk=iphoneos*]" = "iPhone Developer";
				COPY_PHASE_STRIP = NO;
				DEBUG_INFORMATION_FORMAT = dwarf;
				ENABLE_STRICT_OBJC_MSGSEND = YES;
				ENABLE_TESTABILITY = YES;
				GCC_C_LANGUAGE_STANDARD = gnu99;
				GCC_DYNAMIC_NO_PIC = NO;
				GCC_NO_COMMON_BLOCKS = YES;
				GCC_OPTIMIZATION_LEVEL = 0;
				GCC_PREPROCESSOR_DEFINITIONS = (
					"DEBUG=1",
					"$(inherited)",
				);
				GCC_WARN_64_TO_32_BIT_CONVERSION = YES;
				GCC_WARN_ABOUT_RETURN_TYPE = YES_ERROR;
				GCC_WARN_UNDECLARED_SELECTOR = YES;
				GCC_WARN_UNINITIALIZED_AUTOS = YES_AGGRESSIVE;
				GCC_WARN_UNUSED_FUNCTION = YES;
				GCC_WARN_UNUSED_VARIABLE = YES;
				IPHONEOS_DEPLOYMENT_TARGET = 10.3;
				MTL_ENABLE_DEBUG_INFO = YES;
				ONLY_ACTIVE_ARCH = YES;
				SDKROOT = iphoneos;
				SWIFT_ACTIVE_COMPILATION_CONDITIONS = DEBUG;
				SWIFT_OPTIMIZATION_LEVEL = "-Onone";
				TARGETED_DEVICE_FAMILY = "1,2";
			};
			name = Debug;
		};
		F276879D1EC452490054EDD9 /* Release */ = {
			isa = XCBuildConfiguration;
			buildSettings = {
				ALWAYS_SEARCH_USER_PATHS = NO;
				CLANG_ANALYZER_NONNULL = YES;
				CLANG_ANALYZER_NUMBER_OBJECT_CONVERSION = YES_AGGRESSIVE;
				CLANG_CXX_LANGUAGE_STANDARD = "gnu++0x";
				CLANG_CXX_LIBRARY = "libc++";
				CLANG_ENABLE_MODULES = YES;
				CLANG_ENABLE_OBJC_ARC = YES;
				CLANG_WARN_BOOL_CONVERSION = YES;
				CLANG_WARN_CONSTANT_CONVERSION = YES;
				CLANG_WARN_DIRECT_OBJC_ISA_USAGE = YES_ERROR;
				CLANG_WARN_DOCUMENTATION_COMMENTS = YES;
				CLANG_WARN_EMPTY_BODY = YES;
				CLANG_WARN_ENUM_CONVERSION = YES;
				CLANG_WARN_INFINITE_RECURSION = YES;
				CLANG_WARN_INT_CONVERSION = YES;
				CLANG_WARN_OBJC_ROOT_CLASS = YES_ERROR;
				CLANG_WARN_SUSPICIOUS_MOVE = YES;
				CLANG_WARN_UNREACHABLE_CODE = YES;
				CLANG_WARN__DUPLICATE_METHOD_MATCH = YES;
				"CODE_SIGN_IDENTITY[sdk=iphoneos*]" = "iPhone Developer";
				COPY_PHASE_STRIP = NO;
				DEBUG_INFORMATION_FORMAT = "dwarf-with-dsym";
				ENABLE_NS_ASSERTIONS = NO;
				ENABLE_STRICT_OBJC_MSGSEND = YES;
				GCC_C_LANGUAGE_STANDARD = gnu99;
				GCC_NO_COMMON_BLOCKS = YES;
				GCC_WARN_64_TO_32_BIT_CONVERSION = YES;
				GCC_WARN_ABOUT_RETURN_TYPE = YES_ERROR;
				GCC_WARN_UNDECLARED_SELECTOR = YES;
				GCC_WARN_UNINITIALIZED_AUTOS = YES_AGGRESSIVE;
				GCC_WARN_UNUSED_FUNCTION = YES;
				GCC_WARN_UNUSED_VARIABLE = YES;
				IPHONEOS_DEPLOYMENT_TARGET = 10.3;
				MTL_ENABLE_DEBUG_INFO = NO;
				SDKROOT = iphoneos;
				SWIFT_OPTIMIZATION_LEVEL = "-Owholemodule";
				TARGETED_DEVICE_FAMILY = "1,2";
				VALIDATE_PRODUCT = YES;
			};
			name = Release;
		};
		F276879F1EC452490054EDD9 /* Debug */ = {
			isa = XCBuildConfiguration;
			baseConfigurationReference = 894170923EAABCA7B6105C83 /* Pods-RebelBrowser.debug.xcconfig */;
			buildSettings = {
				ASSETCATALOG_COMPILER_APPICON_NAME = AppIcon;
				DEVELOPMENT_TEAM = T2DT6C6U3X;
				INFOPLIST_FILE = RebelBrowser/Info.plist;
				LD_RUNPATH_SEARCH_PATHS = "$(inherited) @executable_path/Frameworks";
				PRODUCT_BUNDLE_IDENTIFIER = com.evillisn.RebelBrowser;
				PRODUCT_NAME = "$(TARGET_NAME)";
				SWIFT_VERSION = 3.0;
			};
			name = Debug;
		};
		F27687A01EC452490054EDD9 /* Release */ = {
			isa = XCBuildConfiguration;
			baseConfigurationReference = 590FA28A04160766AD4D9786 /* Pods-RebelBrowser.release.xcconfig */;
			buildSettings = {
				ASSETCATALOG_COMPILER_APPICON_NAME = AppIcon;
				DEVELOPMENT_TEAM = T2DT6C6U3X;
				INFOPLIST_FILE = RebelBrowser/Info.plist;
				LD_RUNPATH_SEARCH_PATHS = "$(inherited) @executable_path/Frameworks";
				PRODUCT_BUNDLE_IDENTIFIER = com.evillisn.RebelBrowser;
				PRODUCT_NAME = "$(TARGET_NAME)";
				SWIFT_VERSION = 3.0;
			};
			name = Release;
		};
		F27687A21EC452490054EDD9 /* Debug */ = {
			isa = XCBuildConfiguration;
			baseConfigurationReference = 69376698DC943244D964A223 /* Pods-RebelBrowserTests.debug.xcconfig */;
			buildSettings = {
				ALWAYS_EMBED_SWIFT_STANDARD_LIBRARIES = YES;
				BUNDLE_LOADER = "$(TEST_HOST)";
				DEVELOPMENT_TEAM = GZRDUU6C3R;
				INFOPLIST_FILE = RebelBrowserTests/Info.plist;
				LD_RUNPATH_SEARCH_PATHS = "$(inherited) @executable_path/Frameworks @loader_path/Frameworks";
				PRODUCT_BUNDLE_IDENTIFIER = com.evillisn.RebelBrowserTests;
				PRODUCT_NAME = "$(TARGET_NAME)";
				SWIFT_VERSION = 3.0;
				TEST_HOST = "$(BUILT_PRODUCTS_DIR)/RebelBrowser.app/RebelBrowser";
			};
			name = Debug;
		};
		F27687A31EC452490054EDD9 /* Release */ = {
			isa = XCBuildConfiguration;
			baseConfigurationReference = 8650459CDB78A00745BD37AD /* Pods-RebelBrowserTests.release.xcconfig */;
			buildSettings = {
				ALWAYS_EMBED_SWIFT_STANDARD_LIBRARIES = YES;
				BUNDLE_LOADER = "$(TEST_HOST)";
				DEVELOPMENT_TEAM = GZRDUU6C3R;
				INFOPLIST_FILE = RebelBrowserTests/Info.plist;
				LD_RUNPATH_SEARCH_PATHS = "$(inherited) @executable_path/Frameworks @loader_path/Frameworks";
				PRODUCT_BUNDLE_IDENTIFIER = com.evillisn.RebelBrowserTests;
				PRODUCT_NAME = "$(TARGET_NAME)";
				SWIFT_VERSION = 3.0;
				TEST_HOST = "$(BUILT_PRODUCTS_DIR)/RebelBrowser.app/RebelBrowser";
			};
			name = Release;
		};
		F27687A51EC452490054EDD9 /* Debug */ = {
			isa = XCBuildConfiguration;
			baseConfigurationReference = FC8C8FB888484E4C263F324B /* Pods-RebelBrowserUITests.debug.xcconfig */;
			buildSettings = {
				ALWAYS_EMBED_SWIFT_STANDARD_LIBRARIES = YES;
				DEVELOPMENT_TEAM = GZRDUU6C3R;
				INFOPLIST_FILE = RebelBrowserUITests/Info.plist;
				LD_RUNPATH_SEARCH_PATHS = "$(inherited) @executable_path/Frameworks @loader_path/Frameworks";
				PRODUCT_BUNDLE_IDENTIFIER = com.evillisn.RebelBrowserUITests;
				PRODUCT_NAME = "$(TARGET_NAME)";
				SWIFT_VERSION = 3.0;
				TEST_TARGET_NAME = RebelBrowser;
			};
			name = Debug;
		};
		F27687A61EC452490054EDD9 /* Release */ = {
			isa = XCBuildConfiguration;
			baseConfigurationReference = 5BEA49D6C48E6089EBBB2351 /* Pods-RebelBrowserUITests.release.xcconfig */;
			buildSettings = {
				ALWAYS_EMBED_SWIFT_STANDARD_LIBRARIES = YES;
				DEVELOPMENT_TEAM = GZRDUU6C3R;
				INFOPLIST_FILE = RebelBrowserUITests/Info.plist;
				LD_RUNPATH_SEARCH_PATHS = "$(inherited) @executable_path/Frameworks @loader_path/Frameworks";
				PRODUCT_BUNDLE_IDENTIFIER = com.evillisn.RebelBrowserUITests;
				PRODUCT_NAME = "$(TARGET_NAME)";
				SWIFT_VERSION = 3.0;
				TEST_TARGET_NAME = RebelBrowser;
			};
			name = Release;
		};
/* End XCBuildConfiguration section */

/* Begin XCConfigurationList section */
		F27687711EC452490054EDD9 /* Build configuration list for PBXProject "RebelBrowser" */ = {
			isa = XCConfigurationList;
			buildConfigurations = (
				F276879C1EC452490054EDD9 /* Debug */,
				F276879D1EC452490054EDD9 /* Release */,
			);
			defaultConfigurationIsVisible = 0;
			defaultConfigurationName = Release;
		};
		F276879E1EC452490054EDD9 /* Build configuration list for PBXNativeTarget "RebelBrowser" */ = {
			isa = XCConfigurationList;
			buildConfigurations = (
				F276879F1EC452490054EDD9 /* Debug */,
				F27687A01EC452490054EDD9 /* Release */,
			);
			defaultConfigurationIsVisible = 0;
			defaultConfigurationName = Release;
		};
		F27687A11EC452490054EDD9 /* Build configuration list for PBXNativeTarget "RebelBrowserTests" */ = {
			isa = XCConfigurationList;
			buildConfigurations = (
				F27687A21EC452490054EDD9 /* Debug */,
				F27687A31EC452490054EDD9 /* Release */,
			);
			defaultConfigurationIsVisible = 0;
			defaultConfigurationName = Release;
		};
		F27687A41EC452490054EDD9 /* Build configuration list for PBXNativeTarget "RebelBrowserUITests" */ = {
			isa = XCConfigurationList;
			buildConfigurations = (
				F27687A51EC452490054EDD9 /* Debug */,
				F27687A61EC452490054EDD9 /* Release */,
			);
			defaultConfigurationIsVisible = 0;
			defaultConfigurationName = Release;
		};
/* End XCConfigurationList section */
	};
	rootObject = F276876E1EC452490054EDD9 /* Project object */;
}
